// !$*UTF8*$!
{
	archiveVersion = 1;
	classes = {
	};
	objectVersion = 77;
	objects = {

/* Begin PBXBuildFile section */
		226477F42D00F7B80024EB42 /* RiveRuntime in Frameworks */ = {isa = PBXBuildFile; productRef = 226477F32D00F7B80024EB42 /* RiveRuntime */; };
		226478002D0117630024EB42 /* Localizable.xcstrings in Resources */ = {isa = PBXBuildFile; fileRef = 226477FF2D0117630024EB42 /* Localizable.xcstrings */; };
		2271C29B2D3840A900A8196B /* Appwrite in Frameworks */ = {isa = PBXBuildFile; productRef = 2271C29A2D3840A900A8196B /* Appwrite */; };
/* End PBXBuildFile section */

/* Begin PBXContainerItemProxy section */
		2264779C2D00DF5E0024EB42 /* PBXContainerItemProxy */ = {
			isa = PBXContainerItemProxy;
			containerPortal = 226477832D00DF5C0024EB42 /* Project object */;
			proxyType = 1;
			remoteGlobalIDString = 2264778A2D00DF5C0024EB42;
			remoteInfo = Merkur;
		};
		226477A62D00DF5E0024EB42 /* PBXContainerItemProxy */ = {
			isa = PBXContainerItemProxy;
			containerPortal = 226477832D00DF5C0024EB42 /* Project object */;
			proxyType = 1;
			remoteGlobalIDString = 2264778A2D00DF5C0024EB42;
			remoteInfo = Merkur;
		};
/* End PBXContainerItemProxy section */

/* Begin PBXFileReference section */
		2264778B2D00DF5C0024EB42 /* Merkur.app */ = {isa = PBXFileReference; explicitFileType = wrapper.application; includeInIndex = 0; path = Merkur.app; sourceTree = BUILT_PRODUCTS_DIR; };
		2264779B2D00DF5E0024EB42 /* MerkurTests.xctest */ = {isa = PBXFileReference; explicitFileType = wrapper.cfbundle; includeInIndex = 0; path = MerkurTests.xctest; sourceTree = BUILT_PRODUCTS_DIR; };
		226477A52D00DF5E0024EB42 /* MerkurUITests.xctest */ = {isa = PBXFileReference; explicitFileType = wrapper.cfbundle; includeInIndex = 0; path = MerkurUITests.xctest; sourceTree = BUILT_PRODUCTS_DIR; };
		226477FF2D0117630024EB42 /* Localizable.xcstrings */ = {isa = PBXFileReference; lastKnownFileType = text.json.xcstrings; path = Localizable.xcstrings; sourceTree = "<group>"; };
/* End PBXFileReference section */

/* Begin PBXFileSystemSynchronizedRootGroup section */
		2264778D2D00DF5C0024EB42 /* Merkur */ = {
			isa = PBXFileSystemSynchronizedRootGroup;
			path = Merkur;
			sourceTree = "<group>";
		};
		2264779E2D00DF5E0024EB42 /* MerkurTests */ = {
			isa = PBXFileSystemSynchronizedRootGroup;
			path = MerkurTests;
			sourceTree = "<group>";
		};
		226477A82D00DF5E0024EB42 /* MerkurUITests */ = {
			isa = PBXFileSystemSynchronizedRootGroup;
			path = MerkurUITests;
			sourceTree = "<group>";
		};
/* End PBXFileSystemSynchronizedRootGroup section */

/* Begin PBXFrameworksBuildPhase section */
		226477882D00DF5C0024EB42 /* Frameworks */ = {
			isa = PBXFrameworksBuildPhase;
			buildActionMask = 2147483647;
			files = (
				2271C29B2D3840A900A8196B /* Appwrite in Frameworks */,
				226477F42D00F7B80024EB42 /* RiveRuntime in Frameworks */,
			);
			runOnlyForDeploymentPostprocessing = 0;
		};
		226477982D00DF5E0024EB42 /* Frameworks */ = {
			isa = PBXFrameworksBuildPhase;
			buildActionMask = 2147483647;
			files = (
			);
			runOnlyForDeploymentPostprocessing = 0;
		};
		226477A22D00DF5E0024EB42 /* Frameworks */ = {
			isa = PBXFrameworksBuildPhase;
			buildActionMask = 2147483647;
			files = (
			);
			runOnlyForDeploymentPostprocessing = 0;
		};
/* End PBXFrameworksBuildPhase section */

/* Begin PBXGroup section */
		226477822D00DF5C0024EB42 = {
			isa = PBXGroup;
			children = (
				226477FF2D0117630024EB42 /* Localizable.xcstrings */,
				2264778D2D00DF5C0024EB42 /* Merkur */,
				2264779E2D00DF5E0024EB42 /* MerkurTests */,
				226477A82D00DF5E0024EB42 /* MerkurUITests */,
				2264778C2D00DF5C0024EB42 /* Products */,
			);
			sourceTree = "<group>";
		};
		2264778C2D00DF5C0024EB42 /* Products */ = {
			isa = PBXGroup;
			children = (
				2264778B2D00DF5C0024EB42 /* Merkur.app */,
				2264779B2D00DF5E0024EB42 /* MerkurTests.xctest */,
				226477A52D00DF5E0024EB42 /* MerkurUITests.xctest */,
			);
			name = Products;
			sourceTree = "<group>";
		};
/* End PBXGroup section */

/* Begin PBXNativeTarget section */
		2264778A2D00DF5C0024EB42 /* Merkur */ = {
			isa = PBXNativeTarget;
			buildConfigurationList = 226477AF2D00DF5E0024EB42 /* Build configuration list for PBXNativeTarget "Merkur" */;
			buildPhases = (
				226477872D00DF5C0024EB42 /* Sources */,
				226477882D00DF5C0024EB42 /* Frameworks */,
				226477892D00DF5C0024EB42 /* Resources */,
			);
			buildRules = (
			);
			dependencies = (
			);
			fileSystemSynchronizedGroups = (
				2264778D2D00DF5C0024EB42 /* Merkur */,
			);
			name = Merkur;
			packageProductDependencies = (
				226477F32D00F7B80024EB42 /* RiveRuntime */,
				2271C29A2D3840A900A8196B /* Appwrite */,
			);
			productName = Merkur;
			productReference = 2264778B2D00DF5C0024EB42 /* Merkur.app */;
			productType = "com.apple.product-type.application";
		};
		2264779A2D00DF5E0024EB42 /* MerkurTests */ = {
			isa = PBXNativeTarget;
			buildConfigurationList = 226477B22D00DF5E0024EB42 /* Build configuration list for PBXNativeTarget "MerkurTests" */;
			buildPhases = (
				226477972D00DF5E0024EB42 /* Sources */,
				226477982D00DF5E0024EB42 /* Frameworks */,
				226477992D00DF5E0024EB42 /* Resources */,
			);
			buildRules = (
			);
			dependencies = (
				2264779D2D00DF5E0024EB42 /* PBXTargetDependency */,
			);
			fileSystemSynchronizedGroups = (
				2264779E2D00DF5E0024EB42 /* MerkurTests */,
			);
			name = MerkurTests;
			packageProductDependencies = (
			);
			productName = MerkurTests;
			productReference = 2264779B2D00DF5E0024EB42 /* MerkurTests.xctest */;
			productType = "com.apple.product-type.bundle.unit-test";
		};
		226477A42D00DF5E0024EB42 /* MerkurUITests */ = {
			isa = PBXNativeTarget;
			buildConfigurationList = 226477B52D00DF5E0024EB42 /* Build configuration list for PBXNativeTarget "MerkurUITests" */;
			buildPhases = (
				226477A12D00DF5E0024EB42 /* Sources */,
				226477A22D00DF5E0024EB42 /* Frameworks */,
				226477A32D00DF5E0024EB42 /* Resources */,
			);
			buildRules = (
			);
			dependencies = (
				226477A72D00DF5E0024EB42 /* PBXTargetDependency */,
			);
			fileSystemSynchronizedGroups = (
				226477A82D00DF5E0024EB42 /* MerkurUITests */,
			);
			name = MerkurUITests;
			packageProductDependencies = (
			);
			productName = MerkurUITests;
			productReference = 226477A52D00DF5E0024EB42 /* MerkurUITests.xctest */;
			productType = "com.apple.product-type.bundle.ui-testing";
		};
/* End PBXNativeTarget section */

/* Begin PBXProject section */
		226477832D00DF5C0024EB42 /* Project object */ = {
			isa = PBXProject;
			attributes = {
				BuildIndependentTargetsInParallel = 1;
				LastSwiftUpdateCheck = 1610;
				LastUpgradeCheck = 1610;
				TargetAttributes = {
					2264778A2D00DF5C0024EB42 = {
						CreatedOnToolsVersion = 16.1;
					};
					2264779A2D00DF5E0024EB42 = {
						CreatedOnToolsVersion = 16.1;
						TestTargetID = 2264778A2D00DF5C0024EB42;
					};
					226477A42D00DF5E0024EB42 = {
						CreatedOnToolsVersion = 16.1;
						TestTargetID = 2264778A2D00DF5C0024EB42;
					};
				};
			};
			buildConfigurationList = 226477862D00DF5C0024EB42 /* Build configuration list for PBXProject "Merkur" */;
			developmentRegion = en;
			hasScannedForEncodings = 0;
			knownRegions = (
				en,
				Base,
				de,
			);
			mainGroup = 226477822D00DF5C0024EB42;
			minimizedProjectReferenceProxies = 1;
			packageReferences = (
				226477F22D00F7B80024EB42 /* XCRemoteSwiftPackageReference "rive-ios" */,
				2271C2992D3840A900A8196B /* XCRemoteSwiftPackageReference "sdk-for-swift" */,
			);
			preferredProjectObjectVersion = 77;
			productRefGroup = 2264778C2D00DF5C0024EB42 /* Products */;
			projectDirPath = "";
			projectRoot = "";
			targets = (
				2264778A2D00DF5C0024EB42 /* Merkur */,
				2264779A2D00DF5E0024EB42 /* MerkurTests */,
				226477A42D00DF5E0024EB42 /* MerkurUITests */,
			);
		};
/* End PBXProject section */

/* Begin PBXResourcesBuildPhase section */
		226477892D00DF5C0024EB42 /* Resources */ = {
			isa = PBXResourcesBuildPhase;
			buildActionMask = 2147483647;
			files = (
				226478002D0117630024EB42 /* Localizable.xcstrings in Resources */,
			);
			runOnlyForDeploymentPostprocessing = 0;
		};
		226477992D00DF5E0024EB42 /* Resources */ = {
			isa = PBXResourcesBuildPhase;
			buildActionMask = 2147483647;
			files = (
			);
			runOnlyForDeploymentPostprocessing = 0;
		};
		226477A32D00DF5E0024EB42 /* Resources */ = {
			isa = PBXResourcesBuildPhase;
			buildActionMask = 2147483647;
			files = (
			);
			runOnlyForDeploymentPostprocessing = 0;
		};
/* End PBXResourcesBuildPhase section */

/* Begin PBXSourcesBuildPhase section */
		226477872D00DF5C0024EB42 /* Sources */ = {
			isa = PBXSourcesBuildPhase;
			buildActionMask = 2147483647;
			files = (
			);
			runOnlyForDeploymentPostprocessing = 0;
		};
		226477972D00DF5E0024EB42 /* Sources */ = {
			isa = PBXSourcesBuildPhase;
			buildActionMask = 2147483647;
			files = (
			);
			runOnlyForDeploymentPostprocessing = 0;
		};
		226477A12D00DF5E0024EB42 /* Sources */ = {
			isa = PBXSourcesBuildPhase;
			buildActionMask = 2147483647;
			files = (
			);
			runOnlyForDeploymentPostprocessing = 0;
		};
/* End PBXSourcesBuildPhase section */

/* Begin PBXTargetDependency section */
		2264779D2D00DF5E0024EB42 /* PBXTargetDependency */ = {
			isa = PBXTargetDependency;
			target = 2264778A2D00DF5C0024EB42 /* Merkur */;
			targetProxy = 2264779C2D00DF5E0024EB42 /* PBXContainerItemProxy */;
		};
		226477A72D00DF5E0024EB42 /* PBXTargetDependency */ = {
			isa = PBXTargetDependency;
			target = 2264778A2D00DF5C0024EB42 /* Merkur */;
			targetProxy = 226477A62D00DF5E0024EB42 /* PBXContainerItemProxy */;
		};
/* End PBXTargetDependency section */

/* Begin XCBuildConfiguration section */
		226477AD2D00DF5E0024EB42 /* Debug */ = {
			isa = XCBuildConfiguration;
			buildSettings = {
				ALWAYS_SEARCH_USER_PATHS = NO;
				ASSETCATALOG_COMPILER_GENERATE_SWIFT_ASSET_SYMBOL_EXTENSIONS = YES;
				CLANG_ANALYZER_NONNULL = YES;
				CLANG_ANALYZER_NUMBER_OBJECT_CONVERSION = YES_AGGRESSIVE;
				CLANG_CXX_LANGUAGE_STANDARD = "gnu++20";
				CLANG_ENABLE_MODULES = YES;
				CLANG_ENABLE_OBJC_ARC = YES;
				CLANG_ENABLE_OBJC_WEAK = YES;
				CLANG_WARN_BLOCK_CAPTURE_AUTORELEASING = YES;
				CLANG_WARN_BOOL_CONVERSION = YES;
				CLANG_WARN_COMMA = YES;
				CLANG_WARN_CONSTANT_CONVERSION = YES;
				CLANG_WARN_DEPRECATED_OBJC_IMPLEMENTATIONS = YES;
				CLANG_WARN_DIRECT_OBJC_ISA_USAGE = YES_ERROR;
				CLANG_WARN_DOCUMENTATION_COMMENTS = YES;
				CLANG_WARN_EMPTY_BODY = YES;
				CLANG_WARN_ENUM_CONVERSION = YES;
				CLANG_WARN_INFINITE_RECURSION = YES;
				CLANG_WARN_INT_CONVERSION = YES;
				CLANG_WARN_NON_LITERAL_NULL_CONVERSION = YES;
				CLANG_WARN_OBJC_IMPLICIT_RETAIN_SELF = YES;
				CLANG_WARN_OBJC_LITERAL_CONVERSION = YES;
				CLANG_WARN_OBJC_ROOT_CLASS = YES_ERROR;
				CLANG_WARN_QUOTED_INCLUDE_IN_FRAMEWORK_HEADER = YES;
				CLANG_WARN_RANGE_LOOP_ANALYSIS = YES;
				CLANG_WARN_STRICT_PROTOTYPES = YES;
				CLANG_WARN_SUSPICIOUS_MOVE = YES;
				CLANG_WARN_UNGUARDED_AVAILABILITY = YES_AGGRESSIVE;
				CLANG_WARN_UNREACHABLE_CODE = YES;
				CLANG_WARN__DUPLICATE_METHOD_MATCH = YES;
				COPY_PHASE_STRIP = NO;
				DEBUG_INFORMATION_FORMAT = dwarf;
				ENABLE_STRICT_OBJC_MSGSEND = YES;
				ENABLE_TESTABILITY = YES;
				ENABLE_USER_SCRIPT_SANDBOXING = YES;
				GCC_C_LANGUAGE_STANDARD = gnu17;
				GCC_DYNAMIC_NO_PIC = NO;
				GCC_NO_COMMON_BLOCKS = YES;
				GCC_OPTIMIZATION_LEVEL = 0;
				GCC_PREPROCESSOR_DEFINITIONS = (
					"DEBUG=1",
					"$(inherited)",
				);
				GCC_WARN_64_TO_32_BIT_CONVERSION = YES;
				GCC_WARN_ABOUT_RETURN_TYPE = YES_ERROR;
				GCC_WARN_UNDECLARED_SELECTOR = YES;
				GCC_WARN_UNINITIALIZED_AUTOS = YES_AGGRESSIVE;
				GCC_WARN_UNUSED_FUNCTION = YES;
				GCC_WARN_UNUSED_VARIABLE = YES;
				IPHONEOS_DEPLOYMENT_TARGET = 18.1;
				LOCALIZATION_PREFERS_STRING_CATALOGS = YES;
				MTL_ENABLE_DEBUG_INFO = INCLUDE_SOURCE;
				MTL_FAST_MATH = YES;
				ONLY_ACTIVE_ARCH = YES;
				SDKROOT = iphoneos;
				SWIFT_ACTIVE_COMPILATION_CONDITIONS = "DEBUG $(inherited)";
				SWIFT_EMIT_LOC_STRINGS = YES;
				SWIFT_OPTIMIZATION_LEVEL = "-Onone";
			};
			name = Debug;
		};
		226477AE2D00DF5E0024EB42 /* Release */ = {
			isa = XCBuildConfiguration;
			buildSettings = {
				ALWAYS_SEARCH_USER_PATHS = NO;
				ASSETCATALOG_COMPILER_GENERATE_SWIFT_ASSET_SYMBOL_EXTENSIONS = YES;
				CLANG_ANALYZER_NONNULL = YES;
				CLANG_ANALYZER_NUMBER_OBJECT_CONVERSION = YES_AGGRESSIVE;
				CLANG_CXX_LANGUAGE_STANDARD = "gnu++20";
				CLANG_ENABLE_MODULES = YES;
				CLANG_ENABLE_OBJC_ARC = YES;
				CLANG_ENABLE_OBJC_WEAK = YES;
				CLANG_WARN_BLOCK_CAPTURE_AUTORELEASING = YES;
				CLANG_WARN_BOOL_CONVERSION = YES;
				CLANG_WARN_COMMA = YES;
				CLANG_WARN_CONSTANT_CONVERSION = YES;
				CLANG_WARN_DEPRECATED_OBJC_IMPLEMENTATIONS = YES;
				CLANG_WARN_DIRECT_OBJC_ISA_USAGE = YES_ERROR;
				CLANG_WARN_DOCUMENTATION_COMMENTS = YES;
				CLANG_WARN_EMPTY_BODY = YES;
				CLANG_WARN_ENUM_CONVERSION = YES;
				CLANG_WARN_INFINITE_RECURSION = YES;
				CLANG_WARN_INT_CONVERSION = YES;
				CLANG_WARN_NON_LITERAL_NULL_CONVERSION = YES;
				CLANG_WARN_OBJC_IMPLICIT_RETAIN_SELF = YES;
				CLANG_WARN_OBJC_LITERAL_CONVERSION = YES;
				CLANG_WARN_OBJC_ROOT_CLASS = YES_ERROR;
				CLANG_WARN_QUOTED_INCLUDE_IN_FRAMEWORK_HEADER = YES;
				CLANG_WARN_RANGE_LOOP_ANALYSIS = YES;
				CLANG_WARN_STRICT_PROTOTYPES = YES;
				CLANG_WARN_SUSPICIOUS_MOVE = YES;
				CLANG_WARN_UNGUARDED_AVAILABILITY = YES_AGGRESSIVE;
				CLANG_WARN_UNREACHABLE_CODE = YES;
				CLANG_WARN__DUPLICATE_METHOD_MATCH = YES;
				COPY_PHASE_STRIP = NO;
				DEBUG_INFORMATION_FORMAT = "dwarf-with-dsym";
				ENABLE_NS_ASSERTIONS = NO;
				ENABLE_STRICT_OBJC_MSGSEND = YES;
				ENABLE_USER_SCRIPT_SANDBOXING = YES;
				GCC_C_LANGUAGE_STANDARD = gnu17;
				GCC_NO_COMMON_BLOCKS = YES;
				GCC_WARN_64_TO_32_BIT_CONVERSION = YES;
				GCC_WARN_ABOUT_RETURN_TYPE = YES_ERROR;
				GCC_WARN_UNDECLARED_SELECTOR = YES;
				GCC_WARN_UNINITIALIZED_AUTOS = YES_AGGRESSIVE;
				GCC_WARN_UNUSED_FUNCTION = YES;
				GCC_WARN_UNUSED_VARIABLE = YES;
				IPHONEOS_DEPLOYMENT_TARGET = 18.1;
				LOCALIZATION_PREFERS_STRING_CATALOGS = YES;
				MTL_ENABLE_DEBUG_INFO = NO;
				MTL_FAST_MATH = YES;
				SDKROOT = iphoneos;
				SWIFT_COMPILATION_MODE = wholemodule;
				SWIFT_EMIT_LOC_STRINGS = YES;
				VALIDATE_PRODUCT = YES;
			};
			name = Release;
		};
		226477B02D00DF5E0024EB42 /* Debug */ = {
			isa = XCBuildConfiguration;
			buildSettings = {
				ASSETCATALOG_COMPILER_APPICON_NAME = AppIcon;
				ASSETCATALOG_COMPILER_GLOBAL_ACCENT_COLOR_NAME = AccentColor;
				CODE_SIGN_STYLE = Automatic;
				CURRENT_PROJECT_VERSION = 1;
				DEVELOPMENT_ASSET_PATHS = "\"Merkur/Preview Content\"";
				DEVELOPMENT_TEAM = 64QDKH3589;
				ENABLE_PREVIEWS = YES;
				GENERATE_INFOPLIST_FILE = YES;
				INFOPLIST_KEY_UIApplicationSceneManifest_Generation = YES;
				INFOPLIST_KEY_UIApplicationSupportsIndirectInputEvents = YES;
				INFOPLIST_KEY_UILaunchScreen_Generation = YES;
				INFOPLIST_KEY_UISupportedInterfaceOrientations_iPad = "UIInterfaceOrientationPortrait UIInterfaceOrientationPortraitUpsideDown UIInterfaceOrientationLandscapeLeft UIInterfaceOrientationLandscapeRight";
				INFOPLIST_KEY_UISupportedInterfaceOrientations_iPhone = "UIInterfaceOrientationPortrait UIInterfaceOrientationLandscapeLeft UIInterfaceOrientationLandscapeRight";
				LD_RUNPATH_SEARCH_PATHS = (
					"$(inherited)",
					"@executable_path/Frameworks",
				);
				MARKETING_VERSION = 1.0;
				PRODUCT_BUNDLE_IDENTIFIER = com.solarguide.Merkur;
				PRODUCT_NAME = "$(TARGET_NAME)";
				SWIFT_EMIT_LOC_STRINGS = YES;
				SWIFT_VERSION = 5.0;
				TARGETED_DEVICE_FAMILY = "1,2";
			};
			name = Debug;
		};
		226477B12D00DF5E0024EB42 /* Release */ = {
			isa = XCBuildConfiguration;
			buildSettings = {
				ASSETCATALOG_COMPILER_APPICON_NAME = AppIcon;
				ASSETCATALOG_COMPILER_GLOBAL_ACCENT_COLOR_NAME = AccentColor;
				CODE_SIGN_STYLE = Automatic;
				CURRENT_PROJECT_VERSION = 1;
				DEVELOPMENT_ASSET_PATHS = "\"Merkur/Preview Content\"";
				DEVELOPMENT_TEAM = 64QDKH3589;
				ENABLE_PREVIEWS = YES;
				GENERATE_INFOPLIST_FILE = YES;
				INFOPLIST_KEY_UIApplicationSceneManifest_Generation = YES;
				INFOPLIST_KEY_UIApplicationSupportsIndirectInputEvents = YES;
				INFOPLIST_KEY_UILaunchScreen_Generation = YES;
				INFOPLIST_KEY_UISupportedInterfaceOrientations_iPad = "UIInterfaceOrientationPortrait UIInterfaceOrientationPortraitUpsideDown UIInterfaceOrientationLandscapeLeft UIInterfaceOrientationLandscapeRight";
				INFOPLIST_KEY_UISupportedInterfaceOrientations_iPhone = "UIInterfaceOrientationPortrait UIInterfaceOrientationLandscapeLeft UIInterfaceOrientationLandscapeRight";
				LD_RUNPATH_SEARCH_PATHS = (
					"$(inherited)",
					"@executable_path/Frameworks",
				);
				MARKETING_VERSION = 1.0;
				PRODUCT_BUNDLE_IDENTIFIER = com.solarguide.Merkur;
				PRODUCT_NAME = "$(TARGET_NAME)";
				SWIFT_EMIT_LOC_STRINGS = YES;
				SWIFT_VERSION = 5.0;
				TARGETED_DEVICE_FAMILY = "1,2";
			};
			name = Release;
		};
		226477B32D00DF5E0024EB42 /* Debug */ = {
			isa = XCBuildConfiguration;
			buildSettings = {
				BUNDLE_LOADER = "$(TEST_HOST)";
				CODE_SIGN_STYLE = Automatic;
				CURRENT_PROJECT_VERSION = 1;
				DEVELOPMENT_TEAM = 64QDKH3589;
				GENERATE_INFOPLIST_FILE = YES;
				IPHONEOS_DEPLOYMENT_TARGET = 18.1;
				MARKETING_VERSION = 1.0;
				PRODUCT_BUNDLE_IDENTIFIER = com.solarguide.MerkurTests;
				PRODUCT_NAME = "$(TARGET_NAME)";
				SWIFT_EMIT_LOC_STRINGS = NO;
				SWIFT_VERSION = 5.0;
				TARGETED_DEVICE_FAMILY = "1,2";
				TEST_HOST = "$(BUILT_PRODUCTS_DIR)/Merkur.app/$(BUNDLE_EXECUTABLE_FOLDER_PATH)/Merkur";
			};
			name = Debug;
		};
		226477B42D00DF5E0024EB42 /* Release */ = {
			isa = XCBuildConfiguration;
			buildSettings = {
				BUNDLE_LOADER = "$(TEST_HOST)";
				CODE_SIGN_STYLE = Automatic;
				CURRENT_PROJECT_VERSION = 1;
				DEVELOPMENT_TEAM = 64QDKH3589;
				GENERATE_INFOPLIST_FILE = YES;
				IPHONEOS_DEPLOYMENT_TARGET = 18.1;
				MARKETING_VERSION = 1.0;
				PRODUCT_BUNDLE_IDENTIFIER = com.solarguide.MerkurTests;
				PRODUCT_NAME = "$(TARGET_NAME)";
				SWIFT_EMIT_LOC_STRINGS = NO;
				SWIFT_VERSION = 5.0;
				TARGETED_DEVICE_FAMILY = "1,2";
				TEST_HOST = "$(BUILT_PRODUCTS_DIR)/Merkur.app/$(BUNDLE_EXECUTABLE_FOLDER_PATH)/Merkur";
			};
			name = Release;
		};
		226477B62D00DF5E0024EB42 /* Debug */ = {
			isa = XCBuildConfiguration;
			buildSettings = {
				CODE_SIGN_STYLE = Automatic;
				CURRENT_PROJECT_VERSION = 1;
				DEVELOPMENT_TEAM = 64QDKH3589;
				GENERATE_INFOPLIST_FILE = YES;
				MARKETING_VERSION = 1.0;
				PRODUCT_BUNDLE_IDENTIFIER = com.solarguide.MerkurUITests;
				PRODUCT_NAME = "$(TARGET_NAME)";
				SWIFT_EMIT_LOC_STRINGS = NO;
				SWIFT_VERSION = 5.0;
				TARGETED_DEVICE_FAMILY = "1,2";
				TEST_TARGET_NAME = Merkur;
			};
			name = Debug;
		};
		226477B72D00DF5E0024EB42 /* Release */ = {
			isa = XCBuildConfiguration;
			buildSettings = {
				CODE_SIGN_STYLE = Automatic;
				CURRENT_PROJECT_VERSION = 1;
				DEVELOPMENT_TEAM = 64QDKH3589;
				GENERATE_INFOPLIST_FILE = YES;
				MARKETING_VERSION = 1.0;
				PRODUCT_BUNDLE_IDENTIFIER = com.solarguide.MerkurUITests;
				PRODUCT_NAME = "$(TARGET_NAME)";
				SWIFT_EMIT_LOC_STRINGS = NO;
				SWIFT_VERSION = 5.0;
				TARGETED_DEVICE_FAMILY = "1,2";
				TEST_TARGET_NAME = Merkur;
			};
			name = Release;
		};
/* End XCBuildConfiguration section */

/* Begin XCConfigurationList section */
		226477862D00DF5C0024EB42 /* Build configuration list for PBXProject "Merkur" */ = {
			isa = XCConfigurationList;
			buildConfigurations = (
				226477AD2D00DF5E0024EB42 /* Debug */,
				226477AE2D00DF5E0024EB42 /* Release */,
			);
			defaultConfigurationIsVisible = 0;
			defaultConfigurationName = Release;
		};
		226477AF2D00DF5E0024EB42 /* Build configuration list for PBXNativeTarget "Merkur" */ = {
			isa = XCConfigurationList;
			buildConfigurations = (
				226477B02D00DF5E0024EB42 /* Debug */,
				226477B12D00DF5E0024EB42 /* Release */,
			);
			defaultConfigurationIsVisible = 0;
			defaultConfigurationName = Release;
		};
		226477B22D00DF5E0024EB42 /* Build configuration list for PBXNativeTarget "MerkurTests" */ = {
			isa = XCConfigurationList;
			buildConfigurations = (
				226477B32D00DF5E0024EB42 /* Debug */,
				226477B42D00DF5E0024EB42 /* Release */,
			);
			defaultConfigurationIsVisible = 0;
			defaultConfigurationName = Release;
		};
		226477B52D00DF5E0024EB42 /* Build configuration list for PBXNativeTarget "MerkurUITests" */ = {
			isa = XCConfigurationList;
			buildConfigurations = (
				226477B62D00DF5E0024EB42 /* Debug */,
				226477B72D00DF5E0024EB42 /* Release */,
			);
			defaultConfigurationIsVisible = 0;
			defaultConfigurationName = Release;
		};
/* End XCConfigurationList section */

/* Begin XCRemoteSwiftPackageReference section */
		226477F22D00F7B80024EB42 /* XCRemoteSwiftPackageReference "rive-ios" */ = {
			isa = XCRemoteSwiftPackageReference;
			repositoryURL = "https://github.com/rive-app/rive-ios.git";
			requirement = {
				kind = upToNextMajorVersion;
				minimumVersion = 6.4.0;
			};
		};
		2271C2992D3840A900A8196B /* XCRemoteSwiftPackageReference "sdk-for-swift" */ = {
			isa = XCRemoteSwiftPackageReference;
			repositoryURL = "https://github.com/appwrite/sdk-for-swift";
			requirement = {
				kind = upToNextMajorVersion;
				minimumVersion = 6.1.0;
			};
		};
/* End XCRemoteSwiftPackageReference section */

/* Begin XCSwiftPackageProductDependency section */
		226477F32D00F7B80024EB42 /* RiveRuntime */ = {
			isa = XCSwiftPackageProductDependency;
			package = 226477F22D00F7B80024EB42 /* XCRemoteSwiftPackageReference "rive-ios" */;
			productName = RiveRuntime;
		};
		2271C29A2D3840A900A8196B /* Appwrite */ = {
			isa = XCSwiftPackageProductDependency;
			package = 2271C2992D3840A900A8196B /* XCRemoteSwiftPackageReference "sdk-for-swift" */;
			productName = Appwrite;
		};
/* End XCSwiftPackageProductDependency section */
	};
	rootObject = 226477832D00DF5C0024EB42 /* Project object */;
}
